{
  "name": "peernet",
  "version": "1.0.0",
  "lockfileVersion": 1,
  "requires": true,
  "dependencies": {
    "rtcpeerconnection-shim": {
      "version": "1.2.0",
      "resolved": "https://registry.npmjs.org/rtcpeerconnection-shim/-/rtcpeerconnection-shim-1.2.0.tgz",
      "integrity": "sha512-7NaJksMNBjjNbVvroliOaA+7p6aWH7bATfAZveR1fd4uoFQt/jOKABuWw7TbOp7oMae7BJcE6gNXt+L2LzyPTQ==",
      "requires": {
        "sdp": "2.5.0"
      }
    },
    "sdp": {
      "version": "2.5.0",
      "resolved": "https://registry.npmjs.org/sdp/-/sdp-2.5.0.tgz",
      "integrity": "sha512-4HT7gdxA+AZHl5LDdiLpagFKBS5qAKFYE71CPSNrr+2dCFg9iKXY4JSIhHKZHVnwJAzZ/4jA+z1nam4U+LoYug=="
    },
    "webrtc-adapter": {
      "version": "6.0.0",
      "resolved": "https://registry.npmjs.org/webrtc-adapter/-/webrtc-adapter-6.0.0.tgz",
      "integrity": "sha512-40ePD9/RKl4uX7hJLnovZwku1iN4oBq9ywi5oZajNSm8QW4RiF4+GkyVIfCS5IgeC0UPdIeqFjaDAAK2Bi1u6g==",
      "requires": {
        "rtcpeerconnection-shim": "1.2.0",
        "sdp": "2.5.0"
      }
    }
  }
}
