{
  "name": "peernet",
  "version": "1.0.0",
  "lockfileVersion": 1,
  "requires": true,
  "dependencies": {
    "rtcpeerconnection-shim": {
      "version": "1.2.11",
      "resolved": "https://registry.npmjs.org/rtcpeerconnection-shim/-/rtcpeerconnection-shim-1.2.11.tgz",
      "integrity": "sha512-Vns4aLKXTrLZCjDOlPZL1nymFiSpqs15TeF+wG1TSLO1kXRrCuT5SjL+Zb8RCP7t3JNfnCuTn+qMlCGQu5NvhQ==",
      "requires": {
        "sdp": "2.7.1"
      }
    },
    "sdp": {
      "version": "2.7.1",
      "resolved": "https://registry.npmjs.org/sdp/-/sdp-2.7.1.tgz",
      "integrity": "sha512-URSgTktvdDdFOJT9U2tIIILrVrs1K+L3Vy+Y5ozqD1PGWDEPBKkyqg7qTI+qIfW+NgDujwUfXMt9eoQzqFr2Bg=="
    },
    "webrtc-adapter": {
      "version": "6.1.5",
      "resolved": "https://registry.npmjs.org/webrtc-adapter/-/webrtc-adapter-6.1.5.tgz",
      "integrity": "sha1-33Lkr1y2Z1ZWyJbbDRGHaVNZIgs=",
      "requires": {
        "rtcpeerconnection-shim": "1.2.11",
        "sdp": "2.7.1"
      }
    }
  }
}
